{
  "version": 4,
  "terraform_version": "1.6.3",
  "serial": 18,
  "lineage": "56f56c95-0a0a-f97d-fb22-b0571cc52d19",
  "outputs": {
    "pip": {
      "value": "pip-vm1-001",
      "type": "string"
    },
    "resource_group_name": {
      "value": "vamsirg01",
      "type": "string"
    },
    "storage": {
      "value": "vamsistorage5290",
      "type": "string"
    },
    "subnet1": {
      "value": "vamsivnet1-public-subnet",
      "type": "string"
    },
    "subnet2": {
      "value": "vamsivnet1-private-subnet",
      "type": "string"
    },
    "vm1susername": {
      "value": "azureadmin",
      "type": "string"
    },
    "vmname": {
      "value": "vm-appvm-nginx-01",
      "type": "string"
    },
    "vnet": {
      "value": "vamsivnet1",
      "type": "string"
    }
  },
  "resources": [
    {
      "mode": "managed",
      "type": "azurerm_linux_virtual_machine",
      "name": "vm1",
      "provider": "provider[\"registry.terraform.io/hashicorp/azurerm\"]",
      "instances": [
        {
          "schema_version": 0,
          "attributes": {
            "additional_capabilities": [],
            "admin_password": "admin@123456789",
            "admin_ssh_key": [],
            "admin_username": "azureadmin",
            "allow_extension_operations": true,
            "availability_set_id": "",
            "boot_diagnostics": [],
            "bypass_platform_safety_checks_on_user_schedule_enabled": false,
            "capacity_reservation_group_id": "",
            "computer_name": "hostname",
            "custom_data": null,
            "dedicated_host_group_id": "",
            "dedicated_host_id": "",
            "disable_password_authentication": false,
            "edge_zone": "",
            "encryption_at_host_enabled": false,
            "eviction_policy": "",
            "extensions_time_budget": "PT1H30M",
            "gallery_application": [],
            "id": "/subscriptions/71114d4d-f492-4644-a495-c88d5bcd6db4/resourceGroups/vamsirg01/providers/Microsoft.Compute/virtualMachines/vm-appvm-nginx-01",
            "identity": [],
            "license_type": "",
            "location": "eastus",
            "max_bid_price": -1,
            "name": "vm-appvm-nginx-01",
            "network_interface_ids": [
              "/subscriptions/71114d4d-f492-4644-a495-c88d5bcd6db4/resourceGroups/vamsirg01/providers/Microsoft.Network/networkInterfaces/nic-appvm1-01"
            ],
            "os_disk": [
              {
                "caching": "ReadWrite",
                "diff_disk_settings": [],
                "disk_encryption_set_id": "",
                "disk_size_gb": 30,
                "name": "OsDisk",
                "secure_vm_disk_encryption_set_id": "",
                "security_encryption_type": "",
                "storage_account_type": "Premium_LRS",
                "write_accelerator_enabled": false
              }
            ],
            "patch_assessment_mode": "ImageDefault",
            "patch_mode": "ImageDefault",
            "plan": [],
            "platform_fault_domain": -1,
            "priority": "Regular",
            "private_ip_address": "10.1.1.4",
            "private_ip_addresses": [
              "10.1.1.4"
            ],
            "provision_vm_agent": true,
            "proximity_placement_group_id": "",
            "public_ip_address": "4.227.246.44",
            "public_ip_addresses": [
              "4.227.246.44"
            ],
            "reboot_setting": "",
            "resource_group_name": "vamsirg01",
            "secret": [],
            "secure_boot_enabled": false,
            "size": "Standard_F2s_v2",
            "source_image_id": "",
            "source_image_reference": [
              {
                "offer": "UbuntuServer",
                "publisher": "Canonical",
                "sku": "18.04-LTS",
                "version": "latest"
              }
            ],
            "tags": null,
            "termination_notification": null,
            "timeouts": null,
            "user_data": "",
            "virtual_machine_id": "110d8ffa-432d-4e83-9f93-b51756f5dfd2",
            "virtual_machine_scale_set_id": "",
            "vtpm_enabled": false,
            "zone": ""
          },
          "sensitive_attributes": [
            [
              {
                "type": "get_attr",
                "value": "admin_password"
              }
            ]
          ],
          "private": "eyJlMmJmYjczMC1lY2FhLTExZTYtOGY4OC0zNDM2M2JjN2M0YzAiOnsiY3JlYXRlIjoyNzAwMDAwMDAwMDAwLCJkZWxldGUiOjI3MDAwMDAwMDAwMDAsInJlYWQiOjMwMDAwMDAwMDAwMCwidXBkYXRlIjoyNzAwMDAwMDAwMDAwfX0=",
          "dependencies": [
            "azurerm_network_interface.vm1_nic",
            "azurerm_public_ip.pip",
            "azurerm_resource_group.rg",
            "azurerm_subnet.public",
            "azurerm_virtual_network.vnet"
          ]
        }
      ]
    },
    {
      "mode": "managed",
      "type": "azurerm_network_interface",
      "name": "vm1_nic",
      "provider": "provider[\"registry.terraform.io/hashicorp/azurerm\"]",
      "instances": [
        {
          "schema_version": 0,
          "attributes": {
            "applied_dns_servers": [],
            "auxiliary_mode": "",
            "auxiliary_sku": "",
            "dns_servers": [],
            "edge_zone": "",
            "enable_accelerated_networking": false,
            "enable_ip_forwarding": false,
            "id": "/subscriptions/71114d4d-f492-4644-a495-c88d5bcd6db4/resourceGroups/vamsirg01/providers/Microsoft.Network/networkInterfaces/nic-appvm1-01",
            "internal_dns_name_label": "",
            "internal_domain_name_suffix": "gqojxuosqoje5phmgqzslxh5rf.bx.internal.cloudapp.net",
            "ip_configuration": [
              {
                "gateway_load_balancer_frontend_ip_configuration_id": "",
                "name": "nic-appvm1-01",
                "primary": true,
                "private_ip_address": "10.1.1.4",
                "private_ip_address_allocation": "Dynamic",
                "private_ip_address_version": "IPv4",
                "public_ip_address_id": "/subscriptions/71114d4d-f492-4644-a495-c88d5bcd6db4/resourceGroups/vamsirg01/providers/Microsoft.Network/publicIPAddresses/pip-vm1-001",
                "subnet_id": "/subscriptions/71114d4d-f492-4644-a495-c88d5bcd6db4/resourceGroups/vamsirg01/providers/Microsoft.Network/virtualNetworks/vamsivnet1/subnets/vamsivnet1-public-subnet"
              }
            ],
            "location": "eastus",
            "mac_address": "00-0D-3A-58-09-12",
            "name": "nic-appvm1-01",
            "private_ip_address": "10.1.1.4",
            "private_ip_addresses": [
              "10.1.1.4"
            ],
            "resource_group_name": "vamsirg01",
            "tags": {},
            "timeouts": null,
            "virtual_machine_id": "/subscriptions/71114d4d-f492-4644-a495-c88d5bcd6db4/resourceGroups/vamsirg01/providers/Microsoft.Compute/virtualMachines/myVM"
          },
          "sensitive_attributes": [],
          "private": "eyJlMmJmYjczMC1lY2FhLTExZTYtOGY4OC0zNDM2M2JjN2M0YzAiOnsiY3JlYXRlIjoxODAwMDAwMDAwMDAwLCJkZWxldGUiOjE4MDAwMDAwMDAwMDAsInJlYWQiOjMwMDAwMDAwMDAwMCwidXBkYXRlIjoxODAwMDAwMDAwMDAwfX0=",
          "dependencies": [
            "azurerm_public_ip.pip",
            "azurerm_resource_group.rg",
            "azurerm_subnet.public",
            "azurerm_virtual_network.vnet"
          ]
        }
      ]
    },
    {
      "mode": "managed",
      "type": "azurerm_network_interface_security_group_association",
      "name": "nsg-nic",
      "provider": "provider[\"registry.terraform.io/hashicorp/azurerm\"]",
      "instances": [
        {
          "schema_version": 0,
          "attributes": {
            "id": "/subscriptions/71114d4d-f492-4644-a495-c88d5bcd6db4/resourceGroups/vamsirg01/providers/Microsoft.Network/networkInterfaces/nic-appvm1-01|/subscriptions/71114d4d-f492-4644-a495-c88d5bcd6db4/resourceGroups/vamsirg01/providers/Microsoft.Network/networkSecurityGroups/nsg-ssh-allow-001",
            "network_interface_id": "/subscriptions/71114d4d-f492-4644-a495-c88d5bcd6db4/resourceGroups/vamsirg01/providers/Microsoft.Network/networkInterfaces/nic-appvm1-01",
            "network_security_group_id": "/subscriptions/71114d4d-f492-4644-a495-c88d5bcd6db4/resourceGroups/vamsirg01/providers/Microsoft.Network/networkSecurityGroups/nsg-ssh-allow-001",
            "timeouts": null
          },
          "sensitive_attributes": [],
          "private": "eyJlMmJmYjczMC1lY2FhLTExZTYtOGY4OC0zNDM2M2JjN2M0YzAiOnsiY3JlYXRlIjoxODAwMDAwMDAwMDAwLCJkZWxldGUiOjE4MDAwMDAwMDAwMDAsInJlYWQiOjMwMDAwMDAwMDAwMCwidXBkYXRlIjoxODAwMDAwMDAwMDAwfX0=",
          "dependencies": [
            "azurerm_network_interface.vm1_nic",
            "azurerm_network_security_group.nsg1",
            "azurerm_public_ip.pip",
            "azurerm_resource_group.rg",
            "azurerm_subnet.public",
            "azurerm_virtual_network.vnet"
          ]
        }
      ]
    },
    {
      "mode": "managed",
      "type": "azurerm_network_security_group",
      "name": "nsg1",
      "provider": "provider[\"registry.terraform.io/hashicorp/azurerm\"]",
      "instances": [
        {
          "schema_version": 0,
          "attributes": {
            "id": "/subscriptions/71114d4d-f492-4644-a495-c88d5bcd6db4/resourceGroups/vamsirg01/providers/Microsoft.Network/networkSecurityGroups/nsg-ssh-allow-001",
            "location": "eastus",
            "name": "nsg-ssh-allow-001",
            "resource_group_name": "vamsirg01",
            "security_rule": [
              {
                "access": "Allow",
                "description": "",
                "destination_address_prefix": "*",
                "destination_address_prefixes": [],
                "destination_application_security_group_ids": [],
                "destination_port_range": "22",
                "destination_port_ranges": [],
                "direction": "Inbound",
                "name": "SSH",
                "priority": 1001,
                "protocol": "Tcp",
                "source_address_prefix": "*",
                "source_address_prefixes": [],
                "source_application_security_group_ids": [],
                "source_port_range": "*",
                "source_port_ranges": []
              }
            ],
            "tags": {},
            "timeouts": null
          },
          "sensitive_attributes": [],
          "private": "eyJlMmJmYjczMC1lY2FhLTExZTYtOGY4OC0zNDM2M2JjN2M0YzAiOnsiY3JlYXRlIjoxODAwMDAwMDAwMDAwLCJkZWxldGUiOjE4MDAwMDAwMDAwMDAsInJlYWQiOjMwMDAwMDAwMDAwMCwidXBkYXRlIjoxODAwMDAwMDAwMDAwfX0=",
          "dependencies": [
            "azurerm_resource_group.rg"
          ]
        }
      ]
    },
    {
      "mode": "managed",
      "type": "azurerm_public_ip",
      "name": "pip",
      "provider": "provider[\"registry.terraform.io/hashicorp/azurerm\"]",
      "instances": [
        {
          "schema_version": 0,
          "attributes": {
            "allocation_method": "Dynamic",
            "ddos_protection_mode": "VirtualNetworkInherited",
            "ddos_protection_plan_id": null,
            "domain_name_label": null,
            "edge_zone": "",
            "fqdn": null,
            "id": "/subscriptions/71114d4d-f492-4644-a495-c88d5bcd6db4/resourceGroups/vamsirg01/providers/Microsoft.Network/publicIPAddresses/pip-vm1-001",
            "idle_timeout_in_minutes": 4,
            "ip_address": "172.206.202.62",
            "ip_tags": {},
            "ip_version": "IPv4",
            "location": "eastus",
            "name": "pip-vm1-001",
            "public_ip_prefix_id": null,
            "resource_group_name": "vamsirg01",
            "reverse_fqdn": null,
            "sku": "Basic",
            "sku_tier": "Regional",
            "tags": {},
            "timeouts": null,
            "zones": []
          },
          "sensitive_attributes": [],
          "private": "eyJlMmJmYjczMC1lY2FhLTExZTYtOGY4OC0zNDM2M2JjN2M0YzAiOnsiY3JlYXRlIjoxODAwMDAwMDAwMDAwLCJkZWxldGUiOjE4MDAwMDAwMDAwMDAsInJlYWQiOjMwMDAwMDAwMDAwMCwidXBkYXRlIjoxODAwMDAwMDAwMDAwfX0=",
          "dependencies": [
            "azurerm_resource_group.rg"
          ]
        }
      ]
    },
    {
      "mode": "managed",
      "type": "azurerm_resource_group",
      "name": "rg",
      "provider": "provider[\"registry.terraform.io/hashicorp/azurerm\"]",
      "instances": [
        {
          "schema_version": 0,
          "attributes": {
            "id": "/subscriptions/71114d4d-f492-4644-a495-c88d5bcd6db4/resourceGroups/vamsirg01",
            "location": "eastus",
            "managed_by": "",
            "name": "vamsirg01",
            "tags": {},
            "timeouts": null
          },
          "sensitive_attributes": [],
          "private": "eyJlMmJmYjczMC1lY2FhLTExZTYtOGY4OC0zNDM2M2JjN2M0YzAiOnsiY3JlYXRlIjo1NDAwMDAwMDAwMDAwLCJkZWxldGUiOjU0MDAwMDAwMDAwMDAsInJlYWQiOjMwMDAwMDAwMDAwMCwidXBkYXRlIjo1NDAwMDAwMDAwMDAwfX0="
        }
      ]
    },
    {
      "mode": "managed",
      "type": "azurerm_storage_account",
      "name": "storage",
      "provider": "provider[\"registry.terraform.io/hashicorp/azurerm\"]",
      "instances": [
        {
          "schema_version": 4,
          "attributes": {
            "access_tier": "Hot",
            "account_kind": "StorageV2",
            "account_replication_type": "LRS",
            "account_tier": "Standard",
            "allow_nested_items_to_be_public": true,
            "allowed_copy_scope": "",
            "azure_files_authentication": [],
            "blob_properties": [
              {
                "change_feed_enabled": false,
                "change_feed_retention_in_days": 0,
                "container_delete_retention_policy": [],
                "cors_rule": [],
                "default_service_version": "",
                "delete_retention_policy": [],
                "last_access_time_enabled": false,
                "restore_policy": [],
                "versioning_enabled": false
              }
            ],
            "cross_tenant_replication_enabled": true,
            "custom_domain": [],
            "customer_managed_key": [],
            "default_to_oauth_authentication": false,
            "edge_zone": "",
            "enable_https_traffic_only": true,
            "id": "/subscriptions/71114d4d-f492-4644-a495-c88d5bcd6db4/resourceGroups/vamsirg01/providers/Microsoft.Storage/storageAccounts/vamsistorage5290",
            "identity": [],
            "immutability_policy": [],
            "infrastructure_encryption_enabled": false,
            "is_hns_enabled": false,
            "large_file_share_enabled": null,
            "location": "eastus",
            "min_tls_version": "TLS1_2",
            "name": "vamsistorage5290",
            "network_rules": [
              {
                "bypass": [
                  "AzureServices"
                ],
                "default_action": "Allow",
                "ip_rules": [],
                "private_link_access": [],
                "virtual_network_subnet_ids": []
              }
            ],
            "nfsv3_enabled": false,
            "primary_access_key": "vBfA3pe2IlvUzw2QGCPoP/clZpkXw6n+IVC/9Wi3ZjsiDGgnAah2/5aGmL+4KrKrn+3xbW/d/4l7+AStvIs2og==",
            "primary_blob_connection_string": "DefaultEndpointsProtocol=https;BlobEndpoint=https://vamsistorage5290.blob.core.windows.net/;AccountName=vamsistorage5290;AccountKey=vBfA3pe2IlvUzw2QGCPoP/clZpkXw6n+IVC/9Wi3ZjsiDGgnAah2/5aGmL+4KrKrn+3xbW/d/4l7+AStvIs2og==",
            "primary_blob_endpoint": "https://vamsistorage5290.blob.core.windows.net/",
            "primary_blob_host": "vamsistorage5290.blob.core.windows.net",
            "primary_connection_string": "DefaultEndpointsProtocol=https;AccountName=vamsistorage5290;AccountKey=vBfA3pe2IlvUzw2QGCPoP/clZpkXw6n+IVC/9Wi3ZjsiDGgnAah2/5aGmL+4KrKrn+3xbW/d/4l7+AStvIs2og==;EndpointSuffix=core.windows.net",
            "primary_dfs_endpoint": "https://vamsistorage5290.dfs.core.windows.net/",
            "primary_dfs_host": "vamsistorage5290.dfs.core.windows.net",
            "primary_file_endpoint": "https://vamsistorage5290.file.core.windows.net/",
            "primary_file_host": "vamsistorage5290.file.core.windows.net",
            "primary_location": "eastus",
            "primary_queue_endpoint": "https://vamsistorage5290.queue.core.windows.net/",
            "primary_queue_host": "vamsistorage5290.queue.core.windows.net",
            "primary_table_endpoint": "https://vamsistorage5290.table.core.windows.net/",
            "primary_table_host": "vamsistorage5290.table.core.windows.net",
            "primary_web_endpoint": "https://vamsistorage5290.z13.web.core.windows.net/",
            "primary_web_host": "vamsistorage5290.z13.web.core.windows.net",
            "public_network_access_enabled": true,
            "queue_encryption_key_type": "Service",
            "queue_properties": [
              {
                "cors_rule": [],
                "hour_metrics": [
                  {
                    "enabled": true,
                    "include_apis": true,
                    "retention_policy_days": 7,
                    "version": "1.0"
                  }
                ],
                "logging": [
                  {
                    "delete": false,
                    "read": false,
                    "retention_policy_days": 0,
                    "version": "1.0",
                    "write": false
                  }
                ],
                "minute_metrics": [
                  {
                    "enabled": false,
                    "include_apis": false,
                    "retention_policy_days": 0,
                    "version": "1.0"
                  }
                ]
              }
            ],
            "resource_group_name": "vamsirg01",
            "routing": [],
            "sas_policy": [],
            "secondary_access_key": "JkFXCJdzOoglsWS+J7N0MBmaA4sYrbEqG1bRRcMCuhKdGNNuvDvSfECUzFPZJvcF0Dwi1Uj402gn+AStuWMwdw==",
            "secondary_blob_connection_string": "",
            "secondary_blob_endpoint": null,
            "secondary_blob_host": null,
            "secondary_connection_string": "DefaultEndpointsProtocol=https;AccountName=vamsistorage5290;AccountKey=JkFXCJdzOoglsWS+J7N0MBmaA4sYrbEqG1bRRcMCuhKdGNNuvDvSfECUzFPZJvcF0Dwi1Uj402gn+AStuWMwdw==;EndpointSuffix=core.windows.net",
            "secondary_dfs_endpoint": null,
            "secondary_dfs_host": null,
            "secondary_file_endpoint": null,
            "secondary_file_host": null,
            "secondary_location": "",
            "secondary_queue_endpoint": null,
            "secondary_queue_host": null,
            "secondary_table_endpoint": null,
            "secondary_table_host": null,
            "secondary_web_endpoint": null,
            "secondary_web_host": null,
            "sftp_enabled": false,
            "share_properties": [
              {
                "cors_rule": [],
                "retention_policy": [
                  {
                    "days": 7
                  }
                ],
                "smb": []
              }
            ],
            "shared_access_key_enabled": true,
            "static_website": [],
            "table_encryption_key_type": "Service",
            "tags": {},
            "timeouts": null
          },
          "sensitive_attributes": [],
          "private": "eyJlMmJmYjczMC1lY2FhLTExZTYtOGY4OC0zNDM2M2JjN2M0YzAiOnsiY3JlYXRlIjozNjAwMDAwMDAwMDAwLCJkZWxldGUiOjM2MDAwMDAwMDAwMDAsInJlYWQiOjMwMDAwMDAwMDAwMCwidXBkYXRlIjozNjAwMDAwMDAwMDAwfSwic2NoZW1hX3ZlcnNpb24iOiI0In0=",
          "dependencies": [
            "azurerm_resource_group.rg"
          ]
        }
      ]
    },
    {
      "mode": "managed",
      "type": "azurerm_subnet",
      "name": "private",
      "provider": "provider[\"registry.terraform.io/hashicorp/azurerm\"]",
      "instances": [
        {
          "schema_version": 0,
          "attributes": {
            "address_prefixes": [
              "10.1.10.0/24"
            ],
            "delegation": [],
            "enforce_private_link_endpoint_network_policies": false,
            "enforce_private_link_service_network_policies": false,
            "id": "/subscriptions/71114d4d-f492-4644-a495-c88d5bcd6db4/resourceGroups/vamsirg01/providers/Microsoft.Network/virtualNetworks/vamsivnet1/subnets/vamsivnet1-private-subnet",
            "name": "vamsivnet1-private-subnet",
            "private_endpoint_network_policies_enabled": true,
            "private_link_service_network_policies_enabled": true,
            "resource_group_name": "vamsirg01",
            "service_endpoint_policy_ids": [],
            "service_endpoints": [],
            "timeouts": null,
            "virtual_network_name": "vamsivnet1"
          },
          "sensitive_attributes": [],
          "private": "eyJlMmJmYjczMC1lY2FhLTExZTYtOGY4OC0zNDM2M2JjN2M0YzAiOnsiY3JlYXRlIjoxODAwMDAwMDAwMDAwLCJkZWxldGUiOjE4MDAwMDAwMDAwMDAsInJlYWQiOjMwMDAwMDAwMDAwMCwidXBkYXRlIjoxODAwMDAwMDAwMDAwfX0=",
          "dependencies": [
            "azurerm_resource_group.rg",
            "azurerm_virtual_network.vnet"
          ]
        }
      ]
    },
    {
      "mode": "managed",
      "type": "azurerm_subnet",
      "name": "public",
      "provider": "provider[\"registry.terraform.io/hashicorp/azurerm\"]",
      "instances": [
        {
          "schema_version": 0,
          "attributes": {
            "address_prefixes": [
              "10.1.1.0/24"
            ],
            "delegation": [],
            "enforce_private_link_endpoint_network_policies": false,
            "enforce_private_link_service_network_policies": false,
            "id": "/subscriptions/71114d4d-f492-4644-a495-c88d5bcd6db4/resourceGroups/vamsirg01/providers/Microsoft.Network/virtualNetworks/vamsivnet1/subnets/vamsivnet1-public-subnet",
            "name": "vamsivnet1-public-subnet",
            "private_endpoint_network_policies_enabled": true,
            "private_link_service_network_policies_enabled": true,
            "resource_group_name": "vamsirg01",
            "service_endpoint_policy_ids": [],
            "service_endpoints": [],
            "timeouts": null,
            "virtual_network_name": "vamsivnet1"
          },
          "sensitive_attributes": [],
          "private": "eyJlMmJmYjczMC1lY2FhLTExZTYtOGY4OC0zNDM2M2JjN2M0YzAiOnsiY3JlYXRlIjoxODAwMDAwMDAwMDAwLCJkZWxldGUiOjE4MDAwMDAwMDAwMDAsInJlYWQiOjMwMDAwMDAwMDAwMCwidXBkYXRlIjoxODAwMDAwMDAwMDAwfX0=",
          "dependencies": [
            "azurerm_resource_group.rg",
            "azurerm_virtual_network.vnet"
          ]
        }
      ]
    },
    {
      "mode": "managed",
      "type": "azurerm_virtual_network",
      "name": "vnet",
      "provider": "provider[\"registry.terraform.io/hashicorp/azurerm\"]",
      "instances": [
        {
          "schema_version": 0,
          "attributes": {
            "address_space": [
              "10.1.0.0/16"
            ],
            "bgp_community": "",
            "ddos_protection_plan": [],
            "dns_servers": [],
            "edge_zone": "",
            "encryption": [],
            "flow_timeout_in_minutes": 0,
            "guid": "d19b1c34-83d2-4f92-bcec-343325dcff8d",
            "id": "/subscriptions/71114d4d-f492-4644-a495-c88d5bcd6db4/resourceGroups/vamsirg01/providers/Microsoft.Network/virtualNetworks/vamsivnet1",
            "location": "eastus",
            "name": "vamsivnet1",
            "resource_group_name": "vamsirg01",
            "subnet": [
              {
                "address_prefix": "10.1.1.0/24",
                "id": "/subscriptions/71114d4d-f492-4644-a495-c88d5bcd6db4/resourceGroups/vamsirg01/providers/Microsoft.Network/virtualNetworks/vamsivnet1/subnets/vamsivnet1-public-subnet",
                "name": "vamsivnet1-public-subnet",
                "security_group": ""
              },
              {
                "address_prefix": "10.1.10.0/24",
                "id": "/subscriptions/71114d4d-f492-4644-a495-c88d5bcd6db4/resourceGroups/vamsirg01/providers/Microsoft.Network/virtualNetworks/vamsivnet1/subnets/vamsivnet1-private-subnet",
                "name": "vamsivnet1-private-subnet",
                "security_group": ""
              }
            ],
            "tags": {},
            "timeouts": null
          },
          "sensitive_attributes": [],
          "private": "eyJlMmJmYjczMC1lY2FhLTExZTYtOGY4OC0zNDM2M2JjN2M0YzAiOnsiY3JlYXRlIjoxODAwMDAwMDAwMDAwLCJkZWxldGUiOjE4MDAwMDAwMDAwMDAsInJlYWQiOjMwMDAwMDAwMDAwMCwidXBkYXRlIjoxODAwMDAwMDAwMDAwfX0=",
          "dependencies": [
            "azurerm_resource_group.rg"
          ]
        }
      ]
    }
  ],
  "check_results": null
}
